
Microsoft Visual Studio Solution File, Format Version 12.00
# Visual Studio Version 16
VisualStudioVersion = 16.0.30804.86
MinimumVisualStudioVersion = 10.0.40219.1
Project("{FAE04EC0-301F-11D3-BF4B-00C04F79EFBC}") = "ConsoleApp1", "ConsoleApp1\ConsoleApp1.csproj", "{20185D7B-D597-434E-8DE6-E14134A51668}"
EndProject
Global
	GlobalSection(SolutionConfigurationPlatforms) = preSolution
		Debug|Any CPU = Debug|Any CPU
		Release|Any CPU = Release|Any CPU
	EndGlobalSection
	GlobalSection(ProjectConfigurationPlatforms) = postSolution
		{20185D7B-D597-434E-8DE6-E14134A51668}.Debug|Any CPU.ActiveCfg = Debug|Any CPU
		{20185D7B-D597-434E-8DE6-E14134A51668}.Debug|Any CPU.Build.0 = Debug|Any CPU
		{20185D7B-D597-434E-8DE6-E14134A51668}.Release|Any CPU.ActiveCfg = Release|Any CPU
		{20185D7B-D597-434E-8DE6-E14134A51668}.Release|Any CPU.Build.0 = Release|Any CPU
	EndGlobalSection
	GlobalSection(SolutionProperties) = preSolution
		HideSolutionNode = FALSE
	EndGlobalSection
	GlobalSection(ExtensibilityGlobals) = postSolution
		SolutionGuid = {5A18A7C4-0DFD-4B4C-9FF4-2FC017F3B7B2}
	EndGlobalSection
EndGlobal
